
Microsoft Visual Studio Solution File, Format Version 12.00
# Visual Studio Version 17
VisualStudioVersion = 17.14.36121.58
MinimumVisualStudioVersion = 10.0.40219.1
Project("{FAE04EC0-301F-11D3-BF4B-00C04F79EFBC}") = "Legado", "Legado\Legado.csproj", "{5B1167F8-A65F-4CAC-A0B8-F569D595EC57}"
EndProject
Project("{FAE04EC0-301F-11D3-BF4B-00C04F79EFBC}") = "Legado.Core", "Legado.Core\Legado.Core.csproj", "{D9F344D9-73C0-4172-884A-CDECA7B70A44}"
EndProject
Project("{FAE04EC0-301F-11D3-BF4B-00C04F79EFBC}") = "Legado.Test", "Legado.Test\Legado.Test.csproj", "{79ADF543-7424-3BE2-F1B8-C60C7C0B5A47}"
EndProject
Global
	GlobalSection(SolutionConfigurationPlatforms) = preSolution
		Debug|Any CPU = Debug|Any CPU
		Release|Any CPU = Release|Any CPU
	EndGlobalSection
	GlobalSection(ProjectConfigurationPlatforms) = postSolution
		{5B1167F8-A65F-4CAC-A0B8-F569D595EC57}.Debug|Any CPU.ActiveCfg = Debug|Any CPU
		{5B1167F8-A65F-4CAC-A0B8-F569D595EC57}.Debug|Any CPU.Build.0 = Debug|Any CPU
		{5B1167F8-A65F-4CAC-A0B8-F569D595EC57}.Release|Any CPU.ActiveCfg = Release|Any CPU
		{5B1167F8-A65F-4CAC-A0B8-F569D595EC57}.Release|Any CPU.Build.0 = Release|Any CPU
		{D9F344D9-73C0-4172-884A-CDECA7B70A44}.Debug|Any CPU.ActiveCfg = Debug|Any CPU
		{D9F344D9-73C0-4172-884A-CDECA7B70A44}.Debug|Any CPU.Build.0 = Debug|Any CPU
		{D9F344D9-73C0-4172-884A-CDECA7B70A44}.Release|Any CPU.ActiveCfg = Release|Any CPU
		{D9F344D9-73C0-4172-884A-CDECA7B70A44}.Release|Any CPU.Build.0 = Release|Any CPU
		{79ADF543-7424-3BE2-F1B8-C60C7C0B5A47}.Debug|Any CPU.ActiveCfg = Debug|Any CPU
		{79ADF543-7424-3BE2-F1B8-C60C7C0B5A47}.Debug|Any CPU.Build.0 = Debug|Any CPU
		{79ADF543-7424-3BE2-F1B8-C60C7C0B5A47}.Release|Any CPU.ActiveCfg = Release|Any CPU
		{79ADF543-7424-3BE2-F1B8-C60C7C0B5A47}.Release|Any CPU.Build.0 = Release|Any CPU
	EndGlobalSection
	GlobalSection(SolutionProperties) = preSolution
		HideSolutionNode = FALSE
	EndGlobalSection
	GlobalSection(ExtensibilityGlobals) = postSolution
		SolutionGuid = {FA59D939-B56C-4B44-B265-27B2E4F842E1}
	EndGlobalSection
EndGlobal
